
Microsoft Visual Studio Solution File, Format Version 12.00
# Visual Studio 15
VisualStudioVersion = 15.0.28307.421
MinimumVisualStudioVersion = 10.0.40219.1
Project("{FAE04EC0-301F-11D3-BF4B-00C04F79EFBC}") = "SatCalc", "SatCalc\SatCalc.csproj", "{711B3E78-9334-432C-98C7-67F20475FA49}"
EndProject
Global
	GlobalSection(SolutionConfigurationPlatforms) = preSolution
		Debug|Any CPU = Debug|Any CPU
		Release|Any CPU = Release|Any CPU
	EndGlobalSection
	GlobalSection(ProjectConfigurationPlatforms) = postSolution
		{711B3E78-9334-432C-98C7-67F20475FA49}.Debug|Any CPU.ActiveCfg = Debug|Any CPU
		{711B3E78-9334-432C-98C7-67F20475FA49}.Debug|Any CPU.Build.0 = Debug|Any CPU
		{711B3E78-9334-432C-98C7-67F20475FA49}.Release|Any CPU.ActiveCfg = Release|Any CPU
		{711B3E78-9334-432C-98C7-67F20475FA49}.Release|Any CPU.Build.0 = Release|Any CPU
	EndGlobalSection
	GlobalSection(SolutionProperties) = preSolution
		HideSolutionNode = FALSE
	EndGlobalSection
	GlobalSection(ExtensibilityGlobals) = postSolution
		SolutionGuid = {3723E83D-7D5C-4850-A48E-0B42B3273A22}
	EndGlobalSection
EndGlobal
